
Microsoft Visual Studio Solution File, Format Version 12.00
# Visual Studio Version 16
VisualStudioVersion = 16.0.30717.126
MinimumVisualStudioVersion = 10.0.40219.1
Project("{9A19103F-16F7-4668-BE54-9A1E7A4F7556}") = "Store", "Store\Store.csproj", "{847BC615-9A9C-4F6E-A523-3F3EB16B9416}"
EndProject
Global
	GlobalSection(SolutionConfigurationPlatforms) = preSolution
		Debug|Any CPU = Debug|Any CPU
		Release|Any CPU = Release|Any CPU
	EndGlobalSection
	GlobalSection(ProjectConfigurationPlatforms) = postSolution
		{847BC615-9A9C-4F6E-A523-3F3EB16B9416}.Debug|Any CPU.ActiveCfg = Debug|Any CPU
		{847BC615-9A9C-4F6E-A523-3F3EB16B9416}.Debug|Any CPU.Build.0 = Debug|Any CPU
		{847BC615-9A9C-4F6E-A523-3F3EB16B9416}.Release|Any CPU.ActiveCfg = Release|Any CPU
		{847BC615-9A9C-4F6E-A523-3F3EB16B9416}.Release|Any CPU.Build.0 = Release|Any CPU
	EndGlobalSection
	GlobalSection(SolutionProperties) = preSolution
		HideSolutionNode = FALSE
	EndGlobalSection
	GlobalSection(ExtensibilityGlobals) = postSolution
		SolutionGuid = {CB662AA5-2779-465B-912F-5F481AE09521}
	EndGlobalSection
EndGlobal
